
Microsoft Visual Studio Solution File, Format Version 12.00
# Visual Studio Version 17
VisualStudioVersion = 17.1.32319.34
MinimumVisualStudioVersion = 10.0.40219.1
Project("{FAE04EC0-301F-11D3-BF4B-00C04F79EFBC}") = "PatronFactoryMethod", "PatronFactoryMethod\PatronFactoryMethod.csproj", "{15D70460-9E83-4BA2-899E-2C825E8931C3}"
EndProject
Project("{FAE04EC0-301F-11D3-BF4B-00C04F79EFBC}") = "Tools", "Tools\Tools.csproj", "{6C7B0619-5B3A-46DD-B9C2-8F08FFA30948}"
EndProject
Global
	GlobalSection(SolutionConfigurationPlatforms) = preSolution
		Debug|Any CPU = Debug|Any CPU
		Release|Any CPU = Release|Any CPU
	EndGlobalSection
	GlobalSection(ProjectConfigurationPlatforms) = postSolution
		{15D70460-9E83-4BA2-899E-2C825E8931C3}.Debug|Any CPU.ActiveCfg = Debug|Any CPU
		{15D70460-9E83-4BA2-899E-2C825E8931C3}.Debug|Any CPU.Build.0 = Debug|Any CPU
		{15D70460-9E83-4BA2-899E-2C825E8931C3}.Release|Any CPU.ActiveCfg = Release|Any CPU
		{15D70460-9E83-4BA2-899E-2C825E8931C3}.Release|Any CPU.Build.0 = Release|Any CPU
		{6C7B0619-5B3A-46DD-B9C2-8F08FFA30948}.Debug|Any CPU.ActiveCfg = Debug|Any CPU
		{6C7B0619-5B3A-46DD-B9C2-8F08FFA30948}.Debug|Any CPU.Build.0 = Debug|Any CPU
		{6C7B0619-5B3A-46DD-B9C2-8F08FFA30948}.Release|Any CPU.ActiveCfg = Release|Any CPU
		{6C7B0619-5B3A-46DD-B9C2-8F08FFA30948}.Release|Any CPU.Build.0 = Release|Any CPU
	EndGlobalSection
	GlobalSection(SolutionProperties) = preSolution
		HideSolutionNode = FALSE
	EndGlobalSection
	GlobalSection(ExtensibilityGlobals) = postSolution
		SolutionGuid = {4B70824D-6B3E-48C8-A877-B488CEB6442E}
	EndGlobalSection
EndGlobal
